
Microsoft Visual Studio Solution File, Format Version 12.00
# Visual Studio Version 17
VisualStudioVersion = 17.5.33627.172
MinimumVisualStudioVersion = 10.0.40219.1
Project("{FAE04EC0-301F-11D3-BF4B-00C04F79EFBC}") = "Hotel", "Hotel\Hotel.csproj", "{5711F9DE-13B5-42BB-B9E3-D65CD5E3B20C}"
EndProject
Global
	GlobalSection(SolutionConfigurationPlatforms) = preSolution
		Debug|Any CPU = Debug|Any CPU
		Release|Any CPU = Release|Any CPU
	EndGlobalSection
	GlobalSection(ProjectConfigurationPlatforms) = postSolution
		{5711F9DE-13B5-42BB-B9E3-D65CD5E3B20C}.Debug|Any CPU.ActiveCfg = Debug|Any CPU
		{5711F9DE-13B5-42BB-B9E3-D65CD5E3B20C}.Debug|Any CPU.Build.0 = Debug|Any CPU
		{5711F9DE-13B5-42BB-B9E3-D65CD5E3B20C}.Release|Any CPU.ActiveCfg = Release|Any CPU
		{5711F9DE-13B5-42BB-B9E3-D65CD5E3B20C}.Release|Any CPU.Build.0 = Release|Any CPU
	EndGlobalSection
	GlobalSection(SolutionProperties) = preSolution
		HideSolutionNode = FALSE
	EndGlobalSection
	GlobalSection(ExtensibilityGlobals) = postSolution
		SolutionGuid = {25906877-42DB-4788-B603-8CB12C6907B9}
	EndGlobalSection
EndGlobal
